{
  "version": 4,
  "terraform_version": "1.9.8",
  "serial": 33,
  "lineage": "5532ac27-0147-1d7c-82b2-bd958c7f901e",
  "outputs": {},
  "resources": [
    {
      "module": "module.compute",
      "mode": "managed",
      "type": "aws_glue_crawler",
      "name": "example_crawler",
      "provider": "provider[\"registry.terraform.io/hashicorp/aws\"]",
      "instances": [
        {
          "schema_version": 0,
          "attributes": {
            "arn": "arn:aws:glue:us-east-2:676206933182:crawler/gutendex-glue-crawler",
            "catalog_target": [],
            "classifiers": [],
            "configuration": "{\"Version\":1.0,\"Grouping\":{\"TableGroupingPolicy\":\"CombineCompatibleSchemas\"}}",
            "database_name": "glue_gutendex_db",
            "delta_target": [],
            "description": "",
            "dynamodb_target": [],
            "hudi_target": [],
            "iceberg_target": [],
            "id": "gutendex-glue-crawler",
            "jdbc_target": [],
            "lake_formation_configuration": [
              {
                "account_id": "",
                "use_lake_formation_credentials": false
              }
            ],
            "lineage_configuration": [
              {
                "crawler_lineage_settings": "DISABLE"
              }
            ],
            "mongodb_target": [],
            "name": "gutendex-glue-crawler",
            "recrawl_policy": [
              {
                "recrawl_behavior": "CRAWL_EVERYTHING"
              }
            ],
            "role": "AWSGlueAccess",
            "s3_target": [
              {
                "connection_name": "",
                "dlq_event_queue_arn": "",
                "event_queue_arn": "",
                "exclusions": [],
                "path": "s3://gutendex-bucket/data",
                "sample_size": 0
              }
            ],
            "schedule": "",
            "schema_change_policy": [
              {
                "delete_behavior": "DEPRECATE_IN_DATABASE",
                "update_behavior": "UPDATE_IN_DATABASE"
              }
            ],
            "security_configuration": "",
            "table_prefix": "gutendex_",
            "tags": {},
            "tags_all": {}
          },
          "sensitive_attributes": [],
          "private": "bnVsbA=="
        }
      ]
    },
    {
      "module": "module.compute",
      "mode": "managed",
      "type": "aws_lambda_function",
      "name": "gutendex-lambda",
      "provider": "provider[\"registry.terraform.io/hashicorp/aws\"]",
      "instances": [
        {
          "schema_version": 0,
          "attributes": {
            "architectures": [
              "x86_64"
            ],
            "arn": "arn:aws:lambda:us-east-2:676206933182:function:gutendex-lambda",
            "code_sha256": "w7Zput4wL+46SKbrTPvkUNpr/SWulJO1diu2RUL8Plk=",
            "code_signing_config_arn": "",
            "dead_letter_config": [],
            "description": "",
            "environment": [],
            "ephemeral_storage": [
              {
                "size": 512
              }
            ],
            "file_system_config": [],
            "filename": "lambda_function.zip",
            "function_name": "gutendex-lambda",
            "handler": "lambda_function.lambda_handler",
            "id": "gutendex-lambda",
            "image_config": [],
            "image_uri": "",
            "invoke_arn": "arn:aws:apigateway:us-east-2:lambda:path/2015-03-31/functions/arn:aws:lambda:us-east-2:676206933182:function:gutendex-lambda/invocations",
            "kms_key_arn": "",
            "last_modified": "2024-10-29T15:43:25.000+0000",
            "layers": [
              "arn:aws:lambda:us-east-2:336392948345:layer:AWSSDKPandas-Python311:17"
            ],
            "logging_config": [
              {
                "application_log_level": "",
                "log_format": "Text",
                "log_group": "/aws/lambda/gutendex-lambda",
                "system_log_level": ""
              }
            ],
            "memory_size": 128,
            "package_type": "Zip",
            "publish": false,
            "qualified_arn": "arn:aws:lambda:us-east-2:676206933182:function:gutendex-lambda:$LATEST",
            "qualified_invoke_arn": "arn:aws:apigateway:us-east-2:lambda:path/2015-03-31/functions/arn:aws:lambda:us-east-2:676206933182:function:gutendex-lambda:$LATEST/invocations",
            "replace_security_groups_on_destroy": null,
            "replacement_security_group_ids": null,
            "reserved_concurrent_executions": -1,
            "role": "arn:aws:iam::676206933182:role/service-role/gutendex-role-eqe9wn7d",
            "runtime": "python3.11",
            "s3_bucket": null,
            "s3_key": null,
            "s3_object_version": null,
            "signing_job_arn": "",
            "signing_profile_version_arn": "",
            "skip_destroy": false,
            "snap_start": [],
            "source_code_hash": "w7Zput4wL+46SKbrTPvkUNpr/SWulJO1diu2RUL8Plk=",
            "source_code_size": 1089,
            "tags": {},
            "tags_all": {},
            "timeout": 900,
            "timeouts": null,
            "tracing_config": [
              {
                "mode": "PassThrough"
              }
            ],
            "version": "$LATEST",
            "vpc_config": []
          },
          "sensitive_attributes": [],
          "private": "eyJlMmJmYjczMC1lY2FhLTExZTYtOGY4OC0zNDM2M2JjN2M0YzAiOnsiY3JlYXRlIjo2MDAwMDAwMDAwMDAsImRlbGV0ZSI6NjAwMDAwMDAwMDAwLCJ1cGRhdGUiOjYwMDAwMDAwMDAwMH19"
        }
      ]
    },
    {
      "module": "module.compute",
      "mode": "managed",
      "type": "aws_sfn_state_machine",
      "name": "gutendex_step_function",
      "provider": "provider[\"registry.terraform.io/hashicorp/aws\"]",
      "instances": [
        {
          "schema_version": 0,
          "attributes": {
            "arn": "arn:aws:states:us-east-2:676206933182:stateMachine:gutendex-ste-function",
            "creation_date": "2024-10-30T16:06:20Z",
            "definition": "{\"Comment\":\"A description of my state machine\",\"StartAt\":\"gutendex-lambda\",\"States\":{\"CheckCrawlerStatus\":{\"Next\":\"IsCrawlerComplete?\",\"Parameters\":{\"Name\":\"gutendex\"},\"Resource\":\"arn:aws:states:::aws-sdk:glue:getCrawler\",\"Type\":\"Task\"},\"IsCrawlerComplete?\":{\"Choices\":[{\"Next\":\"Parallel\",\"StringEquals\":\"READY\",\"Variable\":\"$.Crawler.State\"}],\"Default\":\"WaitForCrawler\",\"Type\":\"Choice\"},\"Parallel\":{\"Branches\":[{\"StartAt\":\"booksPerAuthor\",\"States\":{\"booksPerAuthor\":{\"End\":true,\"Parameters\":{\"QueryString\":\"CREATE OR REPLACE VIEW glue_gutendex_db.books_per_author_view AS WITH extracted_authors AS (SELECT author_info.name AS author_name FROM \\\"glue_gutendex_db\\\".\\\"gutendex_data\\\", UNNEST(authors) AS t (author_info)) SELECT author_name, COUNT(*) AS book_count FROM extracted_authors WHERE author_name IS NOT NULL AND author_name \\u003c\\u003e '' AND author_name \\u003c\\u003e 'Various' GROUP BY author_name ORDER BY book_count DESC LIMIT 10;\",\"WorkGroup\":\"primary\"},\"Resource\":\"arn:aws:states:::athena:startQueryExecution.sync\",\"Type\":\"Task\"}}},{\"StartAt\":\"mostPopularSubjects\",\"States\":{\"mostPopularSubjects\":{\"End\":true,\"Parameters\":{\"QueryString\":\"CREATE OR REPLACE VIEW glue_gutendex_db.most_popular_subjects_view AS WITH extracted_subjects AS (SELECT UPPER(regexp_replace(subject, '[^a-zA-Z0-9 ]', '')) AS cleaned_subject FROM \\\"glue_gutendex_db\\\".\\\"gutendex_data\\\", UNNEST(subjects) AS t (subject)) SELECT cleaned_subject, COUNT(*) AS subject_count FROM extracted_subjects WHERE cleaned_subject IS NOT NULL AND cleaned_subject \\u003c\\u003e '' GROUP BY cleaned_subject ORDER BY subject_count DESC LIMIT 10;\",\"WorkGroup\":\"primary\"},\"Resource\":\"arn:aws:states:::athena:startQueryExecution.sync\",\"Type\":\"Task\"}}},{\"StartAt\":\"mostDownloadedBooks\",\"States\":{\"mostDownloadedBooks\":{\"End\":true,\"Parameters\":{\"QueryString\":\"CREATE OR REPLACE VIEW glue_gutendex_db.most_downloaded_books_view AS SELECT title, download_count FROM \\\"glue_gutendex_db\\\".\\\"gutendex_data\\\" ORDER BY download_count DESC LIMIT 10;\",\"WorkGroup\":\"primary\"},\"Resource\":\"arn:aws:states:::athena:startQueryExecution.sync\",\"Type\":\"Task\"}}}],\"End\":true,\"Type\":\"Parallel\"},\"StartCrawler\":{\"Next\":\"WaitForCrawler\",\"Parameters\":{\"Name\":\"gutendex-glue-crawler\"},\"Resource\":\"arn:aws:states:::aws-sdk:glue:startCrawler\",\"Type\":\"Task\"},\"WaitForCrawler\":{\"Next\":\"CheckCrawlerStatus\",\"Seconds\":20,\"Type\":\"Wait\"},\"gutendex-lambda\":{\"Next\":\"StartCrawler\",\"OutputPath\":\"$.Payload\",\"Parameters\":{\"FunctionName\":\"arn:aws:lambda:us-east-2:676206933182:function:gutendex-lambda:$LATEST\"},\"Resource\":\"arn:aws:states:::lambda:invoke\",\"Retry\":[{\"BackoffRate\":2,\"ErrorEquals\":[\"Lambda.ServiceException\",\"Lambda.AWSLambdaException\",\"Lambda.SdkClientException\",\"Lambda.TooManyRequestsException\"],\"IntervalSeconds\":1,\"MaxAttempts\":3}],\"Type\":\"Task\"}}}",
            "description": "",
            "encryption_configuration": [
              {
                "kms_data_key_reuse_period_seconds": 0,
                "kms_key_id": "",
                "type": "AWS_OWNED_KEY"
              }
            ],
            "id": "arn:aws:states:us-east-2:676206933182:stateMachine:gutendex-ste-function",
            "logging_configuration": [
              {
                "include_execution_data": false,
                "level": "OFF",
                "log_destination": ""
              }
            ],
            "name": "gutendex-ste-function",
            "name_prefix": "",
            "publish": false,
            "revision_id": "",
            "role_arn": "arn:aws:iam::676206933182:role/service-role/StepFunctions-MyStateMachine-hqoodi2ss-role-dxb9lhpxn",
            "state_machine_version_arn": "",
            "status": "ACTIVE",
            "tags": null,
            "tags_all": {},
            "timeouts": null,
            "tracing_configuration": [
              {
                "enabled": false
              }
            ],
            "type": "STANDARD",
            "version_description": null
          },
          "sensitive_attributes": [],
          "private": "eyJlMmJmYjczMC1lY2FhLTExZTYtOGY4OC0zNDM2M2JjN2M0YzAiOnsiY3JlYXRlIjozMDAwMDAwMDAwMDAsImRlbGV0ZSI6MzAwMDAwMDAwMDAwLCJ1cGRhdGUiOjYwMDAwMDAwMDAwfX0="
        }
      ]
    },
    {
      "module": "module.storage",
      "mode": "managed",
      "type": "aws_glue_catalog_database",
      "name": "gutendex_db",
      "provider": "provider[\"registry.terraform.io/hashicorp/aws\"]",
      "instances": [
        {
          "schema_version": 0,
          "attributes": {
            "arn": "arn:aws:glue:us-east-2:676206933182:database/glue_gutendex_db",
            "catalog_id": "676206933182",
            "create_table_default_permission": [
              {
                "permissions": [
                  "ALL"
                ],
                "principal": [
                  {
                    "data_lake_principal_identifier": "IAM_ALLOWED_PRINCIPALS"
                  }
                ]
              }
            ],
            "description": "Glue database",
            "federated_database": [],
            "id": "676206933182:glue_gutendex_db",
            "location_uri": "s3://gutendex-bucket/database",
            "name": "glue_gutendex_db",
            "parameters": {},
            "tags": {},
            "tags_all": {},
            "target_database": []
          },
          "sensitive_attributes": [],
          "private": "bnVsbA=="
        }
      ]
    },
    {
      "module": "module.storage",
      "mode": "managed",
      "type": "aws_s3_bucket",
      "name": "storage",
      "provider": "provider[\"registry.terraform.io/hashicorp/aws\"]",
      "instances": [
        {
          "schema_version": 0,
          "attributes": {
            "acceleration_status": "",
            "acl": null,
            "arn": "arn:aws:s3:::gutendex-bucket",
            "bucket": "gutendex-bucket",
            "bucket_domain_name": "gutendex-bucket.s3.amazonaws.com",
            "bucket_prefix": "",
            "bucket_regional_domain_name": "gutendex-bucket.s3.us-east-2.amazonaws.com",
            "cors_rule": [],
            "force_destroy": true,
            "grant": [
              {
                "id": "e5680b46f114edbc8330dee2a8eb4db7f5630cf3ed492965bacf0e6e09a12f99",
                "permissions": [
                  "FULL_CONTROL"
                ],
                "type": "CanonicalUser",
                "uri": ""
              }
            ],
            "hosted_zone_id": "Z2O1EMRO9K5GLX",
            "id": "gutendex-bucket",
            "lifecycle_rule": [],
            "logging": [],
            "object_lock_configuration": [],
            "object_lock_enabled": false,
            "policy": "",
            "region": "us-east-2",
            "replication_configuration": [],
            "request_payer": "BucketOwner",
            "server_side_encryption_configuration": [
              {
                "rule": [
                  {
                    "apply_server_side_encryption_by_default": [
                      {
                        "kms_master_key_id": "",
                        "sse_algorithm": "AES256"
                      }
                    ],
                    "bucket_key_enabled": false
                  }
                ]
              }
            ],
            "tags": {
              "Environment": "production",
              "Name": "gutendex-bucket"
            },
            "tags_all": {
              "Environment": "production",
              "Name": "gutendex-bucket"
            },
            "timeouts": null,
            "versioning": [
              {
                "enabled": false,
                "mfa_delete": false
              }
            ],
            "website": [],
            "website_domain": null,
            "website_endpoint": null
          },
          "sensitive_attributes": [],
          "private": "eyJlMmJmYjczMC1lY2FhLTExZTYtOGY4OC0zNDM2M2JjN2M0YzAiOnsiY3JlYXRlIjoxMjAwMDAwMDAwMDAwLCJkZWxldGUiOjM2MDAwMDAwMDAwMDAsInJlYWQiOjEyMDAwMDAwMDAwMDAsInVwZGF0ZSI6MTIwMDAwMDAwMDAwMH19"
        }
      ]
    }
  ],
  "check_results": null
}
